
Microsoft Visual Studio Solution File, Format Version 12.00
# Visual Studio Version 16
VisualStudioVersion = 16.0.29230.47
MinimumVisualStudioVersion = 10.0.40219.1
Project("{FAE04EC0-301F-11D3-BF4B-00C04F79EFBC}") = "NESS.VoucherManagement", "NESS.VoucherManagement\NESS.VoucherManagement.csproj", "{FF526940-8C36-43A7-8645-9F7B8710BA71}"
EndProject
Project("{FAE04EC0-301F-11D3-BF4B-00C04F79EFBC}") = "NESS.VoucherManagement.Core", "NESS.VoucherManagement.Core\NESS.VoucherManagement.Core.csproj", "{D3C2154B-1889-4831-8DF8-81DAC575CC90}"
EndProject
Project("{54435603-DBB4-11D2-8724-00A0C9A8B90C}") = "NESS.VoucherManagement.Installer", "NESS.VoucherManagement.Installer\NESS.VoucherManagement.Installer.vdproj", "{A914EA93-8651-410A-BB7A-77148D096AF7}"
EndProject
Project("{FAE04EC0-301F-11D3-BF4B-00C04F79EFBC}") = "NESS.VoucherManagement.Core.Tests", "NESS.VoucherManagement.Core.Tests\NESS.VoucherManagement.Core.Tests.csproj", "{33CA4E80-A50B-4E54-A371-3657311573AC}"
EndProject
Project("{FAE04EC0-301F-11D3-BF4B-00C04F79EFBC}") = "NESS.VoucherManagement.Persistence", "NESS.VoucherManagement.Persistence\NESS.VoucherManagement.Persistence.csproj", "{2C54C7EC-E034-407F-B71F-A2C002E2AFCC}"
EndProject
Project("{FAE04EC0-301F-11D3-BF4B-00C04F79EFBC}") = "NESS.VoucherManagement.Application", "NESS.VoucherManagement.Application\NESS.VoucherManagement.Application.csproj", "{55716921-384F-4312-AA5D-5FD7A338D94F}"
EndProject
Project("{FAE04EC0-301F-11D3-BF4B-00C04F79EFBC}") = "NESS.VoucherManagement.Persistence.Tests", "NESS.VoucherManagement.Persistence.Tests\NESS.VoucherManagement.Persistence.Tests.csproj", "{73524740-6B8E-4E2C-829D-152533FB5935}"
EndProject
Project("{FAE04EC0-301F-11D3-BF4B-00C04F79EFBC}") = "NESS.VoucherManagement.Tests", "NESS.VoucherManagement.Tests\NESS.VoucherManagement.Tests.csproj", "{B854126D-252D-42FF-BF09-8E698A02554A}"
EndProject
Project("{2150E333-8FDC-42A3-9474-1A3956D46DE8}") = "Tests", "Tests", "{720F32EB-6E70-4268-A2AF-021B8FDA945E}"
EndProject
Project("{2150E333-8FDC-42A3-9474-1A3956D46DE8}") = "Installer", "Installer", "{1127433A-B7FC-4A15-AE3C-B9C84A499A48}"
EndProject
Global
	GlobalSection(SolutionConfigurationPlatforms) = preSolution
		Debug|Any CPU = Debug|Any CPU
		Release|Any CPU = Release|Any CPU
	EndGlobalSection
	GlobalSection(ProjectConfigurationPlatforms) = postSolution
		{FF526940-8C36-43A7-8645-9F7B8710BA71}.Debug|Any CPU.ActiveCfg = Debug|Any CPU
		{FF526940-8C36-43A7-8645-9F7B8710BA71}.Debug|Any CPU.Build.0 = Debug|Any CPU
		{FF526940-8C36-43A7-8645-9F7B8710BA71}.Release|Any CPU.ActiveCfg = Release|Any CPU
		{FF526940-8C36-43A7-8645-9F7B8710BA71}.Release|Any CPU.Build.0 = Release|Any CPU
		{D3C2154B-1889-4831-8DF8-81DAC575CC90}.Debug|Any CPU.ActiveCfg = Debug|Any CPU
		{D3C2154B-1889-4831-8DF8-81DAC575CC90}.Debug|Any CPU.Build.0 = Debug|Any CPU
		{D3C2154B-1889-4831-8DF8-81DAC575CC90}.Release|Any CPU.ActiveCfg = Release|Any CPU
		{D3C2154B-1889-4831-8DF8-81DAC575CC90}.Release|Any CPU.Build.0 = Release|Any CPU
		{A914EA93-8651-410A-BB7A-77148D096AF7}.Debug|Any CPU.ActiveCfg = Debug
		{A914EA93-8651-410A-BB7A-77148D096AF7}.Release|Any CPU.ActiveCfg = Release
		{33CA4E80-A50B-4E54-A371-3657311573AC}.Debug|Any CPU.ActiveCfg = Debug|Any CPU
		{33CA4E80-A50B-4E54-A371-3657311573AC}.Debug|Any CPU.Build.0 = Debug|Any CPU
		{33CA4E80-A50B-4E54-A371-3657311573AC}.Release|Any CPU.ActiveCfg = Release|Any CPU
		{33CA4E80-A50B-4E54-A371-3657311573AC}.Release|Any CPU.Build.0 = Release|Any CPU
		{2C54C7EC-E034-407F-B71F-A2C002E2AFCC}.Debug|Any CPU.ActiveCfg = Debug|Any CPU
		{2C54C7EC-E034-407F-B71F-A2C002E2AFCC}.Debug|Any CPU.Build.0 = Debug|Any CPU
		{2C54C7EC-E034-407F-B71F-A2C002E2AFCC}.Release|Any CPU.ActiveCfg = Release|Any CPU
		{2C54C7EC-E034-407F-B71F-A2C002E2AFCC}.Release|Any CPU.Build.0 = Release|Any CPU
		{55716921-384F-4312-AA5D-5FD7A338D94F}.Debug|Any CPU.ActiveCfg = Debug|Any CPU
		{55716921-384F-4312-AA5D-5FD7A338D94F}.Debug|Any CPU.Build.0 = Debug|Any CPU
		{55716921-384F-4312-AA5D-5FD7A338D94F}.Release|Any CPU.ActiveCfg = Release|Any CPU
		{55716921-384F-4312-AA5D-5FD7A338D94F}.Release|Any CPU.Build.0 = Release|Any CPU
		{73524740-6B8E-4E2C-829D-152533FB5935}.Debug|Any CPU.ActiveCfg = Debug|Any CPU
		{73524740-6B8E-4E2C-829D-152533FB5935}.Debug|Any CPU.Build.0 = Debug|Any CPU
		{73524740-6B8E-4E2C-829D-152533FB5935}.Release|Any CPU.ActiveCfg = Release|Any CPU
		{73524740-6B8E-4E2C-829D-152533FB5935}.Release|Any CPU.Build.0 = Release|Any CPU
		{B854126D-252D-42FF-BF09-8E698A02554A}.Debug|Any CPU.ActiveCfg = Debug|Any CPU
		{B854126D-252D-42FF-BF09-8E698A02554A}.Debug|Any CPU.Build.0 = Debug|Any CPU
		{B854126D-252D-42FF-BF09-8E698A02554A}.Release|Any CPU.ActiveCfg = Release|Any CPU
		{B854126D-252D-42FF-BF09-8E698A02554A}.Release|Any CPU.Build.0 = Release|Any CPU
	EndGlobalSection
	GlobalSection(SolutionProperties) = preSolution
		HideSolutionNode = FALSE
	EndGlobalSection
	GlobalSection(NestedProjects) = preSolution
		{A914EA93-8651-410A-BB7A-77148D096AF7} = {1127433A-B7FC-4A15-AE3C-B9C84A499A48}
		{33CA4E80-A50B-4E54-A371-3657311573AC} = {720F32EB-6E70-4268-A2AF-021B8FDA945E}
		{73524740-6B8E-4E2C-829D-152533FB5935} = {720F32EB-6E70-4268-A2AF-021B8FDA945E}
		{B854126D-252D-42FF-BF09-8E698A02554A} = {720F32EB-6E70-4268-A2AF-021B8FDA945E}
	EndGlobalSection
	GlobalSection(ExtensibilityGlobals) = postSolution
		SolutionGuid = {5E9AEB76-E56D-4201-A04D-1593A1A27411}
	EndGlobalSection
EndGlobal
